
Microsoft Visual Studio Solution File, Format Version 12.00
# Visual Studio Version 17
VisualStudioVersion = 17.2.32630.192
MinimumVisualStudioVersion = 10.0.40219.1
Project("{FAE04EC0-301F-11D3-BF4B-00C04F79EFBC}") = "ScribeLogParseCore", "ScribeLogParseCore\ScribeLogParseCore.csproj", "{F6248CAA-162D-4F74-8BBA-BCF5FCA4AD29}"
EndProject
Global
	GlobalSection(SolutionConfigurationPlatforms) = preSolution
		Debug|Any CPU = Debug|Any CPU
		Release|Any CPU = Release|Any CPU
	EndGlobalSection
	GlobalSection(ProjectConfigurationPlatforms) = postSolution
		{F6248CAA-162D-4F74-8BBA-BCF5FCA4AD29}.Debug|Any CPU.ActiveCfg = Debug|Any CPU
		{F6248CAA-162D-4F74-8BBA-BCF5FCA4AD29}.Debug|Any CPU.Build.0 = Debug|Any CPU
		{F6248CAA-162D-4F74-8BBA-BCF5FCA4AD29}.Release|Any CPU.ActiveCfg = Release|Any CPU
		{F6248CAA-162D-4F74-8BBA-BCF5FCA4AD29}.Release|Any CPU.Build.0 = Release|Any CPU
	EndGlobalSection
	GlobalSection(SolutionProperties) = preSolution
		HideSolutionNode = FALSE
	EndGlobalSection
	GlobalSection(ExtensibilityGlobals) = postSolution
		SolutionGuid = {F566AB34-E9D5-4302-879D-A905B3D60B9C}
	EndGlobalSection
EndGlobal
